{
  "name": "@flatkey-ai/cli",
  "version": "0.3.3",
  "lockfileVersion": 3,
  "requires": true,
  "packages": {
    "": {
      "name": "@flatkey-ai/cli",
      "version": "0.3.3",
      "license": "MIT",
      "bin": {
        "flatkey": "bin/flatkey.js"
      },
      "engines": {
        "node": ">=20"
      }
    }
  }
}
